
Microsoft Visual Studio Solution File, Format Version 12.00
# Visual Studio Version 17
VisualStudioVersion = 17.3.32929.385
MinimumVisualStudioVersion = 10.0.40219.1
Project("{FAE04EC0-301F-11D3-BF4B-00C04F79EFBC}") = "Smart Home", "Smart Home\Smart Home.csproj", "{01F2D9AA-DE56-4FF3-AF25-05424A42B759}"
EndProject
Global
	GlobalSection(SolutionConfigurationPlatforms) = preSolution
		Debug|Any CPU = Debug|Any CPU
		Release|Any CPU = Release|Any CPU
	EndGlobalSection
	GlobalSection(ProjectConfigurationPlatforms) = postSolution
		{01F2D9AA-DE56-4FF3-AF25-05424A42B759}.Debug|Any CPU.ActiveCfg = Debug|Any CPU
		{01F2D9AA-DE56-4FF3-AF25-05424A42B759}.Debug|Any CPU.Build.0 = Debug|Any CPU
		{01F2D9AA-DE56-4FF3-AF25-05424A42B759}.Release|Any CPU.ActiveCfg = Release|Any CPU
		{01F2D9AA-DE56-4FF3-AF25-05424A42B759}.Release|Any CPU.Build.0 = Release|Any CPU
	EndGlobalSection
	GlobalSection(SolutionProperties) = preSolution
		HideSolutionNode = FALSE
	EndGlobalSection
	GlobalSection(ExtensibilityGlobals) = postSolution
		SolutionGuid = {F951382A-649E-4529-BEB2-CC0CECF0EA90}
	EndGlobalSection
EndGlobal
